
Microsoft Visual Studio Solution File, Format Version 12.00
# Visual Studio 15
VisualStudioVersion = 15.0.26124.0
MinimumVisualStudioVersion = 15.0.26124.0
Project("{FAE04EC0-301F-11D3-BF4B-00C04F79EFBC}") = "CoPay.NetCore", "CoPay.NetCore\CoPay.NetCore.csproj", "{29CDC581-37E9-48B3-97B8-80E09D91A0C2}"
EndProject
Project("{FAE04EC0-301F-11D3-BF4B-00C04F79EFBC}") = "CoPay.NetCore.Tests", "CoPay.NetCore.Tests\CoPay.NetCore.Tests.csproj", "{5857D98A-D95A-46EF-9D4A-A7CF477D3010}"
EndProject
Global
	GlobalSection(SolutionConfigurationPlatforms) = preSolution
		Debug|Any CPU = Debug|Any CPU
		Debug|x64 = Debug|x64
		Debug|x86 = Debug|x86
		Release|Any CPU = Release|Any CPU
		Release|x64 = Release|x64
		Release|x86 = Release|x86
	EndGlobalSection
	GlobalSection(SolutionProperties) = preSolution
		HideSolutionNode = FALSE
	EndGlobalSection
	GlobalSection(ProjectConfigurationPlatforms) = postSolution
		{29CDC581-37E9-48B3-97B8-80E09D91A0C2}.Debug|Any CPU.ActiveCfg = Debug|Any CPU
		{29CDC581-37E9-48B3-97B8-80E09D91A0C2}.Debug|Any CPU.Build.0 = Debug|Any CPU
		{29CDC581-37E9-48B3-97B8-80E09D91A0C2}.Debug|x64.ActiveCfg = Debug|x64
		{29CDC581-37E9-48B3-97B8-80E09D91A0C2}.Debug|x64.Build.0 = Debug|x64
		{29CDC581-37E9-48B3-97B8-80E09D91A0C2}.Debug|x86.ActiveCfg = Debug|x86
		{29CDC581-37E9-48B3-97B8-80E09D91A0C2}.Debug|x86.Build.0 = Debug|x86
		{29CDC581-37E9-48B3-97B8-80E09D91A0C2}.Release|Any CPU.ActiveCfg = Release|Any CPU
		{29CDC581-37E9-48B3-97B8-80E09D91A0C2}.Release|Any CPU.Build.0 = Release|Any CPU
		{29CDC581-37E9-48B3-97B8-80E09D91A0C2}.Release|x64.ActiveCfg = Release|x64
		{29CDC581-37E9-48B3-97B8-80E09D91A0C2}.Release|x64.Build.0 = Release|x64
		{29CDC581-37E9-48B3-97B8-80E09D91A0C2}.Release|x86.ActiveCfg = Release|x86
		{29CDC581-37E9-48B3-97B8-80E09D91A0C2}.Release|x86.Build.0 = Release|x86
		{5857D98A-D95A-46EF-9D4A-A7CF477D3010}.Debug|Any CPU.ActiveCfg = Debug|Any CPU
		{5857D98A-D95A-46EF-9D4A-A7CF477D3010}.Debug|Any CPU.Build.0 = Debug|Any CPU
		{5857D98A-D95A-46EF-9D4A-A7CF477D3010}.Debug|x64.ActiveCfg = Debug|x64
		{5857D98A-D95A-46EF-9D4A-A7CF477D3010}.Debug|x64.Build.0 = Debug|x64
		{5857D98A-D95A-46EF-9D4A-A7CF477D3010}.Debug|x86.ActiveCfg = Debug|x86
		{5857D98A-D95A-46EF-9D4A-A7CF477D3010}.Debug|x86.Build.0 = Debug|x86
		{5857D98A-D95A-46EF-9D4A-A7CF477D3010}.Release|Any CPU.ActiveCfg = Release|Any CPU
		{5857D98A-D95A-46EF-9D4A-A7CF477D3010}.Release|Any CPU.Build.0 = Release|Any CPU
		{5857D98A-D95A-46EF-9D4A-A7CF477D3010}.Release|x64.ActiveCfg = Release|x64
		{5857D98A-D95A-46EF-9D4A-A7CF477D3010}.Release|x64.Build.0 = Release|x64
		{5857D98A-D95A-46EF-9D4A-A7CF477D3010}.Release|x86.ActiveCfg = Release|x86
		{5857D98A-D95A-46EF-9D4A-A7CF477D3010}.Release|x86.Build.0 = Release|x86
	EndGlobalSection
EndGlobal
